// !$*UTF8*$!
{
	archiveVersion = 1;
	classes = {
	};
	objectVersion = 50;
	objects = {

/* Begin PBXBuildFile section */
		934F0CE595FB53E686ECF1E1 /* libPods-JJTools.a in Frameworks */ = {isa = PBXBuildFile; fileRef = CE54E6AD2E43DD73EE2A79A6 /* libPods-JJTools.a */; };
		F745882B21FAB0E300E415B8 /* NSObjectSafe.m in Sources */ = {isa = PBXBuildFile; fileRef = F745882921FAB0E300E415B8 /* NSObjectSafe.m */; settings = {COMPILER_FLAGS = "-fno-objc-arc"; }; };
		F745882D21FABADD00E415B8 /* template.zip in Resources */ = {isa = PBXBuildFile; fileRef = F745882C21FABADD00E415B8 /* template.zip */; };
		F7D7FBEE21F83DBA0033C4B0 /* AppDelegate.m in Sources */ = {isa = PBXBuildFile; fileRef = F7D7FBED21F83DBA0033C4B0 /* AppDelegate.m */; };
		F7D7FBF121F83DBA0033C4B0 /* ViewController.m in Sources */ = {isa = PBXBuildFile; fileRef = F7D7FBF021F83DBA0033C4B0 /* ViewController.m */; };
		F7D7FBF421F83DBA0033C4B0 /* Main.storyboard in Resources */ = {isa = PBXBuildFile; fileRef = F7D7FBF221F83DBA0033C4B0 /* Main.storyboard */; };
		F7D7FBF621F83DBC0033C4B0 /* Assets.xcassets in Resources */ = {isa = PBXBuildFile; fileRef = F7D7FBF521F83DBC0033C4B0 /* Assets.xcassets */; };
		F7D7FBF921F83DBC0033C4B0 /* LaunchScreen.storyboard in Resources */ = {isa = PBXBuildFile; fileRef = F7D7FBF721F83DBC0033C4B0 /* LaunchScreen.storyboard */; };
		F7D7FBFC21F83DBC0033C4B0 /* main.m in Sources */ = {isa = PBXBuildFile; fileRef = F7D7FBFB21F83DBC0033C4B0 /* main.m */; };
		F7D7FC0621F83DBC0033C4B0 /* JJToolsTests.m in Sources */ = {isa = PBXBuildFile; fileRef = F7D7FC0521F83DBC0033C4B0 /* JJToolsTests.m */; };
		F7D7FC1121F83DBC0033C4B0 /* JJToolsUITests.m in Sources */ = {isa = PBXBuildFile; fileRef = F7D7FC1021F83DBC0033C4B0 /* JJToolsUITests.m */; };
		F7D7FCF621F847D10033C4B0 /* UIView+MasonryLayout.m in Sources */ = {isa = PBXBuildFile; fileRef = F7D7FCB321F847D00033C4B0 /* UIView+MasonryLayout.m */; };
		F7D7FCF721F847D10033C4B0 /* UILabel+MasonryLayout.m in Sources */ = {isa = PBXBuildFile; fileRef = F7D7FCB421F847D00033C4B0 /* UILabel+MasonryLayout.m */; };
		F7D7FCF821F847D10033C4B0 /* UIButton+MasonryLayout.m in Sources */ = {isa = PBXBuildFile; fileRef = F7D7FCB621F847D00033C4B0 /* UIButton+MasonryLayout.m */; };
		F7D7FCFA21F847D10033C4B0 /* UIImageView+MasonryLayout.m in Sources */ = {isa = PBXBuildFile; fileRef = F7D7FCB821F847D00033C4B0 /* UIImageView+MasonryLayout.m */; };
		F7D7FCFB21F847D10033C4B0 /* UITextField+MasonryLayout.m in Sources */ = {isa = PBXBuildFile; fileRef = F7D7FCBA21F847D00033C4B0 /* UITextField+MasonryLayout.m */; };
		F7D7FCFC21F847D10033C4B0 /* UIImage+JJTools.m in Sources */ = {isa = PBXBuildFile; fileRef = F7D7FCBC21F847D00033C4B0 /* UIImage+JJTools.m */; };
		F7D7FD1621F858C20033C4B0 /* UIColor+JJTools.m in Sources */ = {isa = PBXBuildFile; fileRef = F7D7FD1121F858C20033C4B0 /* UIColor+JJTools.m */; };
		F7D7FD1E21F85B7D0033C4B0 /* NSString+JJTools.m in Sources */ = {isa = PBXBuildFile; fileRef = F7D7FD1A21F85B7D0033C4B0 /* NSString+JJTools.m */; };
		F7D7FD1F21F85B7D0033C4B0 /* UIDevice+JJDevice.m in Sources */ = {isa = PBXBuildFile; fileRef = F7D7FD1B21F85B7D0033C4B0 /* UIDevice+JJDevice.m */; };
		F7D7FD4121F85C670033C4B0 /* JJSystemCall.m in Sources */ = {isa = PBXBuildFile; fileRef = F7D7FD3F21F85C670033C4B0 /* JJSystemCall.m */; };
		F7D7FD4521F861920033C4B0 /* JJBaseCollectionViewCell.m in Sources */ = {isa = PBXBuildFile; fileRef = F7D7FD4421F861920033C4B0 /* JJBaseCollectionViewCell.m */; };
		F7D7FD4921F864F10033C4B0 /* JJBaseComponent.m in Sources */ = {isa = PBXBuildFile; fileRef = F7D7FD4821F864F10033C4B0 /* JJBaseComponent.m */; };
		F7D7FD5121F865A50033C4B0 /* JJConstants.m in Sources */ = {isa = PBXBuildFile; fileRef = F7D7FD4B21F865A50033C4B0 /* JJConstants.m */; };
		F7D7FD6221F866A20033C4B0 /* JJReachability.m in Sources */ = {isa = PBXBuildFile; fileRef = F7D7FD6021F866A20033C4B0 /* JJReachability.m */; };
		F7D7FD6A21F8697A0033C4B0 /* JJBaseTableViewHeaderFooterView.m in Sources */ = {isa = PBXBuildFile; fileRef = F7D7FD6521F8697A0033C4B0 /* JJBaseTableViewHeaderFooterView.m */; };
		F7D7FD6B21F8697A0033C4B0 /* JJBaseNavigationViewController.m in Sources */ = {isa = PBXBuildFile; fileRef = F7D7FD6721F8697A0033C4B0 /* JJBaseNavigationViewController.m */; };
		F7D7FD6C21F8697A0033C4B0 /* JJBaseTabBarViewController.m in Sources */ = {isa = PBXBuildFile; fileRef = F7D7FD6821F8697A0033C4B0 /* JJBaseTabBarViewController.m */; };
		F7D7FD7221F869CB0033C4B0 /* JJTool.m in Sources */ = {isa = PBXBuildFile; fileRef = F7D7FD6E21F869CB0033C4B0 /* JJTool.m */; };
		F7D7FD7321F869CB0033C4B0 /* JJUserManager.m in Sources */ = {isa = PBXBuildFile; fileRef = F7D7FD6F21F869CB0033C4B0 /* JJUserManager.m */; };
		F7D7FD7721F86A2F0033C4B0 /* JJBaseModel.m in Sources */ = {isa = PBXBuildFile; fileRef = F7D7FD7521F86A2E0033C4B0 /* JJBaseModel.m */; };
		F7D7FD7B21F86A540033C4B0 /* JJDispatch_queue.m in Sources */ = {isa = PBXBuildFile; fileRef = F7D7FD7921F86A540033C4B0 /* JJDispatch_queue.m */; };
		F7D7FD8E21F86BEF0033C4B0 /* JJBaseRequest.m in Sources */ = {isa = PBXBuildFile; fileRef = F7D7FD8D21F86BEF0033C4B0 /* JJBaseRequest.m */; };
		F7D7FD9321F86C9C0033C4B0 /* JJBaseTableViewCell.m in Sources */ = {isa = PBXBuildFile; fileRef = F7D7FD8F21F86C9C0033C4B0 /* JJBaseTableViewCell.m */; };
		F7D7FD9421F86C9C0033C4B0 /* JJBaseTableView.m in Sources */ = {isa = PBXBuildFile; fileRef = F7D7FD9221F86C9C0033C4B0 /* JJBaseTableView.m */; };
		F7D7FD9D21F871110033C4B0 /* JJBaseVC.m in Sources */ = {isa = PBXBuildFile; fileRef = F7D7FD9C21F871110033C4B0 /* JJBaseVC.m */; };
		F7DC9CAF21FA067C00D3BD6D /* JJBaseLoginFirstViewController.m in Sources */ = {isa = PBXBuildFile; fileRef = F7DC9CAB21FA067C00D3BD6D /* JJBaseLoginFirstViewController.m */; };
		F7DC9CB021FA067C00D3BD6D /* JJBaseLoginSecondViewController.m in Sources */ = {isa = PBXBuildFile; fileRef = F7DC9CAC21FA067C00D3BD6D /* JJBaseLoginSecondViewController.m */; };
		F7EED94821F95A1C007C72A4 /* UIScrollView+EmptyDataSet.m in Sources */ = {isa = PBXBuildFile; fileRef = F7EED94521F95A1C007C72A4 /* UIScrollView+EmptyDataSet.m */; };
/* End PBXBuildFile section */

/* Begin PBXContainerItemProxy section */
		F7D7FC0221F83DBC0033C4B0 /* PBXContainerItemProxy */ = {
			isa = PBXContainerItemProxy;
			containerPortal = F7D7FBE121F83DBA0033C4B0 /* Project object */;
			proxyType = 1;
			remoteGlobalIDString = F7D7FBE821F83DBA0033C4B0;
			remoteInfo = JJTools;
		};
		F7D7FC0D21F83DBC0033C4B0 /* PBXContainerItemProxy */ = {
			isa = PBXContainerItemProxy;
			containerPortal = F7D7FBE121F83DBA0033C4B0 /* Project object */;
			proxyType = 1;
			remoteGlobalIDString = F7D7FBE821F83DBA0033C4B0;
			remoteInfo = JJTools;
		};
/* End PBXContainerItemProxy section */

/* Begin PBXFileReference section */
		1C20AC76ADF976D68B65DBB4 /* Pods-JJTools.debug.xcconfig */ = {isa = PBXFileReference; includeInIndex = 1; lastKnownFileType = text.xcconfig; name = "Pods-JJTools.debug.xcconfig"; path = "Pods/Target Support Files/Pods-JJTools/Pods-JJTools.debug.xcconfig"; sourceTree = "<group>"; };
		CE54E6AD2E43DD73EE2A79A6 /* libPods-JJTools.a */ = {isa = PBXFileReference; explicitFileType = archive.ar; includeInIndex = 0; path = "libPods-JJTools.a"; sourceTree = BUILT_PRODUCTS_DIR; };
		F745882921FAB0E300E415B8 /* NSObjectSafe.m */ = {isa = PBXFileReference; fileEncoding = 4; lastKnownFileType = sourcecode.c.objc; path = NSObjectSafe.m; sourceTree = "<group>"; };
		F745882A21FAB0E300E415B8 /* NSObjectSafe.h */ = {isa = PBXFileReference; fileEncoding = 4; lastKnownFileType = sourcecode.c.h; path = NSObjectSafe.h; sourceTree = "<group>"; };
		F745882C21FABADD00E415B8 /* template.zip */ = {isa = PBXFileReference; lastKnownFileType = archive.zip; path = template.zip; sourceTree = "<group>"; };
		F7D7FBE921F83DBA0033C4B0 /* JJTools.app */ = {isa = PBXFileReference; explicitFileType = wrapper.application; includeInIndex = 0; path = JJTools.app; sourceTree = BUILT_PRODUCTS_DIR; };
		F7D7FBEC21F83DBA0033C4B0 /* AppDelegate.h */ = {isa = PBXFileReference; lastKnownFileType = sourcecode.c.h; path = AppDelegate.h; sourceTree = "<group>"; };
		F7D7FBED21F83DBA0033C4B0 /* AppDelegate.m */ = {isa = PBXFileReference; lastKnownFileType = sourcecode.c.objc; path = AppDelegate.m; sourceTree = "<group>"; };
		F7D7FBEF21F83DBA0033C4B0 /* ViewController.h */ = {isa = PBXFileReference; lastKnownFileType = sourcecode.c.h; path = ViewController.h; sourceTree = "<group>"; };
		F7D7FBF021F83DBA0033C4B0 /* ViewController.m */ = {isa = PBXFileReference; lastKnownFileType = sourcecode.c.objc; path = ViewController.m; sourceTree = "<group>"; };
		F7D7FBF321F83DBA0033C4B0 /* Base */ = {isa = PBXFileReference; lastKnownFileType = file.storyboard; name = Base; path = Base.lproj/Main.storyboard; sourceTree = "<group>"; };
		F7D7FBF521F83DBC0033C4B0 /* Assets.xcassets */ = {isa = PBXFileReference; lastKnownFileType = folder.assetcatalog; path = Assets.xcassets; sourceTree = "<group>"; };
		F7D7FBF821F83DBC0033C4B0 /* Base */ = {isa = PBXFileReference; lastKnownFileType = file.storyboard; name = Base; path = Base.lproj/LaunchScreen.storyboard; sourceTree = "<group>"; };
		F7D7FBFA21F83DBC0033C4B0 /* Info.plist */ = {isa = PBXFileReference; lastKnownFileType = text.plist.xml; path = Info.plist; sourceTree = "<group>"; };
		F7D7FBFB21F83DBC0033C4B0 /* main.m */ = {isa = PBXFileReference; lastKnownFileType = sourcecode.c.objc; path = main.m; sourceTree = "<group>"; };
		F7D7FC0121F83DBC0033C4B0 /* JJToolsTests.xctest */ = {isa = PBXFileReference; explicitFileType = wrapper.cfbundle; includeInIndex = 0; path = JJToolsTests.xctest; sourceTree = BUILT_PRODUCTS_DIR; };
		F7D7FC0521F83DBC0033C4B0 /* JJToolsTests.m */ = {isa = PBXFileReference; lastKnownFileType = sourcecode.c.objc; path = JJToolsTests.m; sourceTree = "<group>"; };
		F7D7FC0721F83DBC0033C4B0 /* Info.plist */ = {isa = PBXFileReference; lastKnownFileType = text.plist.xml; path = Info.plist; sourceTree = "<group>"; };
		F7D7FC0C21F83DBC0033C4B0 /* JJToolsUITests.xctest */ = {isa = PBXFileReference; explicitFileType = wrapper.cfbundle; includeInIndex = 0; path = JJToolsUITests.xctest; sourceTree = BUILT_PRODUCTS_DIR; };
		F7D7FC1021F83DBC0033C4B0 /* JJToolsUITests.m */ = {isa = PBXFileReference; lastKnownFileType = sourcecode.c.objc; path = JJToolsUITests.m; sourceTree = "<group>"; };
		F7D7FC1221F83DBC0033C4B0 /* Info.plist */ = {isa = PBXFileReference; lastKnownFileType = text.plist.xml; path = Info.plist; sourceTree = "<group>"; };
		F7D7FCB221F847D00033C4B0 /* UITextField+MasonryLayout.h */ = {isa = PBXFileReference; fileEncoding = 4; lastKnownFileType = sourcecode.c.h; path = "UITextField+MasonryLayout.h"; sourceTree = "<group>"; };
		F7D7FCB321F847D00033C4B0 /* UIView+MasonryLayout.m */ = {isa = PBXFileReference; fileEncoding = 4; lastKnownFileType = sourcecode.c.objc; path = "UIView+MasonryLayout.m"; sourceTree = "<group>"; };
		F7D7FCB421F847D00033C4B0 /* UILabel+MasonryLayout.m */ = {isa = PBXFileReference; fileEncoding = 4; lastKnownFileType = sourcecode.c.objc; path = "UILabel+MasonryLayout.m"; sourceTree = "<group>"; };
		F7D7FCB521F847D00033C4B0 /* UIImage+JJTools.h */ = {isa = PBXFileReference; fileEncoding = 4; lastKnownFileType = sourcecode.c.h; path = "UIImage+JJTools.h"; sourceTree = "<group>"; };
		F7D7FCB621F847D00033C4B0 /* UIButton+MasonryLayout.m */ = {isa = PBXFileReference; fileEncoding = 4; lastKnownFileType = sourcecode.c.objc; path = "UIButton+MasonryLayout.m"; sourceTree = "<group>"; };
		F7D7FCB821F847D00033C4B0 /* UIImageView+MasonryLayout.m */ = {isa = PBXFileReference; fileEncoding = 4; lastKnownFileType = sourcecode.c.objc; path = "UIImageView+MasonryLayout.m"; sourceTree = "<group>"; };
		F7D7FCB921F847D00033C4B0 /* UIView+MasonryLayout.h */ = {isa = PBXFileReference; fileEncoding = 4; lastKnownFileType = sourcecode.c.h; path = "UIView+MasonryLayout.h"; sourceTree = "<group>"; };
		F7D7FCBA21F847D00033C4B0 /* UITextField+MasonryLayout.m */ = {isa = PBXFileReference; fileEncoding = 4; lastKnownFileType = sourcecode.c.objc; path = "UITextField+MasonryLayout.m"; sourceTree = "<group>"; };
		F7D7FCBB21F847D00033C4B0 /* UIButton+MasonryLayout.h */ = {isa = PBXFileReference; fileEncoding = 4; lastKnownFileType = sourcecode.c.h; path = "UIButton+MasonryLayout.h"; sourceTree = "<group>"; };
		F7D7FCBC21F847D00033C4B0 /* UIImage+JJTools.m */ = {isa = PBXFileReference; fileEncoding = 4; lastKnownFileType = sourcecode.c.objc; path = "UIImage+JJTools.m"; sourceTree = "<group>"; };
		F7D7FCBD21F847D00033C4B0 /* UILabel+MasonryLayout.h */ = {isa = PBXFileReference; fileEncoding = 4; lastKnownFileType = sourcecode.c.h; path = "UILabel+MasonryLayout.h"; sourceTree = "<group>"; };
		F7D7FCBE21F847D00033C4B0 /* UIImageView+MasonryLayout.h */ = {isa = PBXFileReference; fileEncoding = 4; lastKnownFileType = sourcecode.c.h; path = "UIImageView+MasonryLayout.h"; sourceTree = "<group>"; };
		F7D7FD1121F858C20033C4B0 /* UIColor+JJTools.m */ = {isa = PBXFileReference; fileEncoding = 4; lastKnownFileType = sourcecode.c.objc; path = "UIColor+JJTools.m"; sourceTree = "<group>"; };
		F7D7FD1521F858C20033C4B0 /* UIColor+JJTools.h */ = {isa = PBXFileReference; fileEncoding = 4; lastKnownFileType = sourcecode.c.h; path = "UIColor+JJTools.h"; sourceTree = "<group>"; };
		F7D7FD1A21F85B7D0033C4B0 /* NSString+JJTools.m */ = {isa = PBXFileReference; fileEncoding = 4; lastKnownFileType = sourcecode.c.objc; path = "NSString+JJTools.m"; sourceTree = "<group>"; };
		F7D7FD1B21F85B7D0033C4B0 /* UIDevice+JJDevice.m */ = {isa = PBXFileReference; fileEncoding = 4; lastKnownFileType = sourcecode.c.objc; path = "UIDevice+JJDevice.m"; sourceTree = "<group>"; };
		F7D7FD1C21F85B7D0033C4B0 /* UIDevice+JJDevice.h */ = {isa = PBXFileReference; fileEncoding = 4; lastKnownFileType = sourcecode.c.h; path = "UIDevice+JJDevice.h"; sourceTree = "<group>"; };
		F7D7FD1D21F85B7D0033C4B0 /* NSString+JJTools.h */ = {isa = PBXFileReference; fileEncoding = 4; lastKnownFileType = sourcecode.c.h; path = "NSString+JJTools.h"; sourceTree = "<group>"; };
		F7D7FD3F21F85C670033C4B0 /* JJSystemCall.m */ = {isa = PBXFileReference; fileEncoding = 4; lastKnownFileType = sourcecode.c.objc; path = JJSystemCall.m; sourceTree = "<group>"; };
		F7D7FD4021F85C670033C4B0 /* JJSystemCall.h */ = {isa = PBXFileReference; fileEncoding = 4; lastKnownFileType = sourcecode.c.h; path = JJSystemCall.h; sourceTree = "<group>"; };
		F7D7FD4321F861920033C4B0 /* JJBaseCollectionViewCell.h */ = {isa = PBXFileReference; fileEncoding = 4; lastKnownFileType = sourcecode.c.h; path = JJBaseCollectionViewCell.h; sourceTree = "<group>"; };
		F7D7FD4421F861920033C4B0 /* JJBaseCollectionViewCell.m */ = {isa = PBXFileReference; fileEncoding = 4; lastKnownFileType = sourcecode.c.objc; path = JJBaseCollectionViewCell.m; sourceTree = "<group>"; };
		F7D7FD4721F864F10033C4B0 /* JJBaseComponent.h */ = {isa = PBXFileReference; fileEncoding = 4; lastKnownFileType = sourcecode.c.h; path = JJBaseComponent.h; sourceTree = "<group>"; };
		F7D7FD4821F864F10033C4B0 /* JJBaseComponent.m */ = {isa = PBXFileReference; fileEncoding = 4; lastKnownFileType = sourcecode.c.objc; path = JJBaseComponent.m; sourceTree = "<group>"; };
		F7D7FD4B21F865A50033C4B0 /* JJConstants.m */ = {isa = PBXFileReference; fileEncoding = 4; lastKnownFileType = sourcecode.c.objc; path = JJConstants.m; sourceTree = "<group>"; };
		F7D7FD4C21F865A50033C4B0 /* JJUrlDefine.h */ = {isa = PBXFileReference; fileEncoding = 4; lastKnownFileType = sourcecode.c.h; path = JJUrlDefine.h; sourceTree = "<group>"; };
		F7D7FD4D21F865A50033C4B0 /* JJColorDefine.h */ = {isa = PBXFileReference; fileEncoding = 4; lastKnownFileType = sourcecode.c.h; path = JJColorDefine.h; sourceTree = "<group>"; };
		F7D7FD4E21F865A50033C4B0 /* JJFontDefine.h */ = {isa = PBXFileReference; fileEncoding = 4; lastKnownFileType = sourcecode.c.h; path = JJFontDefine.h; sourceTree = "<group>"; };
		F7D7FD4F21F865A50033C4B0 /* JJMacroDefine.h */ = {isa = PBXFileReference; fileEncoding = 4; lastKnownFileType = sourcecode.c.h; path = JJMacroDefine.h; sourceTree = "<group>"; };
		F7D7FD5021F865A50033C4B0 /* JJConstants.h */ = {isa = PBXFileReference; fileEncoding = 4; lastKnownFileType = sourcecode.c.h; path = JJConstants.h; sourceTree = "<group>"; };
		F7D7FD5E21F866A20033C4B0 /* JJReachability.h */ = {isa = PBXFileReference; fileEncoding = 4; lastKnownFileType = sourcecode.c.h; path = JJReachability.h; sourceTree = "<group>"; };
		F7D7FD6021F866A20033C4B0 /* JJReachability.m */ = {isa = PBXFileReference; fileEncoding = 4; lastKnownFileType = sourcecode.c.objc; path = JJReachability.m; sourceTree = "<group>"; };
		F7D7FD6421F8697A0033C4B0 /* JJBaseNavigationViewController.h */ = {isa = PBXFileReference; fileEncoding = 4; lastKnownFileType = sourcecode.c.h; path = JJBaseNavigationViewController.h; sourceTree = "<group>"; };
		F7D7FD6521F8697A0033C4B0 /* JJBaseTableViewHeaderFooterView.m */ = {isa = PBXFileReference; fileEncoding = 4; lastKnownFileType = sourcecode.c.objc; path = JJBaseTableViewHeaderFooterView.m; sourceTree = "<group>"; };
		F7D7FD6621F8697A0033C4B0 /* JJBaseTabBarViewController.h */ = {isa = PBXFileReference; fileEncoding = 4; lastKnownFileType = sourcecode.c.h; path = JJBaseTabBarViewController.h; sourceTree = "<group>"; };
		F7D7FD6721F8697A0033C4B0 /* JJBaseNavigationViewController.m */ = {isa = PBXFileReference; fileEncoding = 4; lastKnownFileType = sourcecode.c.objc; path = JJBaseNavigationViewController.m; sourceTree = "<group>"; };
		F7D7FD6821F8697A0033C4B0 /* JJBaseTabBarViewController.m */ = {isa = PBXFileReference; fileEncoding = 4; lastKnownFileType = sourcecode.c.objc; path = JJBaseTabBarViewController.m; sourceTree = "<group>"; };
		F7D7FD6921F8697A0033C4B0 /* JJBaseTableViewHeaderFooterView.h */ = {isa = PBXFileReference; fileEncoding = 4; lastKnownFileType = sourcecode.c.h; path = JJBaseTableViewHeaderFooterView.h; sourceTree = "<group>"; };
		F7D7FD6E21F869CB0033C4B0 /* JJTool.m */ = {isa = PBXFileReference; fileEncoding = 4; lastKnownFileType = sourcecode.c.objc; path = JJTool.m; sourceTree = "<group>"; };
		F7D7FD6F21F869CB0033C4B0 /* JJUserManager.m */ = {isa = PBXFileReference; fileEncoding = 4; lastKnownFileType = sourcecode.c.objc; path = JJUserManager.m; sourceTree = "<group>"; };
		F7D7FD7021F869CB0033C4B0 /* JJTool.h */ = {isa = PBXFileReference; fileEncoding = 4; lastKnownFileType = sourcecode.c.h; path = JJTool.h; sourceTree = "<group>"; };
		F7D7FD7121F869CB0033C4B0 /* JJUserManager.h */ = {isa = PBXFileReference; fileEncoding = 4; lastKnownFileType = sourcecode.c.h; path = JJUserManager.h; sourceTree = "<group>"; };
		F7D7FD7521F86A2E0033C4B0 /* JJBaseModel.m */ = {isa = PBXFileReference; fileEncoding = 4; lastKnownFileType = sourcecode.c.objc; path = JJBaseModel.m; sourceTree = "<group>"; };
		F7D7FD7621F86A2E0033C4B0 /* JJBaseModel.h */ = {isa = PBXFileReference; fileEncoding = 4; lastKnownFileType = sourcecode.c.h; path = JJBaseModel.h; sourceTree = "<group>"; };
		F7D7FD7921F86A540033C4B0 /* JJDispatch_queue.m */ = {isa = PBXFileReference; fileEncoding = 4; lastKnownFileType = sourcecode.c.objc; path = JJDispatch_queue.m; sourceTree = "<group>"; };
		F7D7FD7A21F86A540033C4B0 /* JJDispatch_queue.h */ = {isa = PBXFileReference; fileEncoding = 4; lastKnownFileType = sourcecode.c.h; path = JJDispatch_queue.h; sourceTree = "<group>"; };
		F7D7FD8C21F86BEF0033C4B0 /* JJBaseRequest.h */ = {isa = PBXFileReference; fileEncoding = 4; lastKnownFileType = sourcecode.c.h; path = JJBaseRequest.h; sourceTree = "<group>"; };
		F7D7FD8D21F86BEF0033C4B0 /* JJBaseRequest.m */ = {isa = PBXFileReference; fileEncoding = 4; lastKnownFileType = sourcecode.c.objc; path = JJBaseRequest.m; sourceTree = "<group>"; };
		F7D7FD8F21F86C9C0033C4B0 /* JJBaseTableViewCell.m */ = {isa = PBXFileReference; fileEncoding = 4; lastKnownFileType = sourcecode.c.objc; path = JJBaseTableViewCell.m; sourceTree = "<group>"; };
		F7D7FD9021F86C9C0033C4B0 /* JJBaseTableViewCell.h */ = {isa = PBXFileReference; fileEncoding = 4; lastKnownFileType = sourcecode.c.h; path = JJBaseTableViewCell.h; sourceTree = "<group>"; };
		F7D7FD9121F86C9C0033C4B0 /* JJBaseTableView.h */ = {isa = PBXFileReference; fileEncoding = 4; lastKnownFileType = sourcecode.c.h; path = JJBaseTableView.h; sourceTree = "<group>"; };
		F7D7FD9221F86C9C0033C4B0 /* JJBaseTableView.m */ = {isa = PBXFileReference; fileEncoding = 4; lastKnownFileType = sourcecode.c.objc; path = JJBaseTableView.m; sourceTree = "<group>"; };
		F7D7FD9B21F871110033C4B0 /* JJBaseVC.h */ = {isa = PBXFileReference; fileEncoding = 4; lastKnownFileType = sourcecode.c.h; path = JJBaseVC.h; sourceTree = "<group>"; };
		F7D7FD9C21F871110033C4B0 /* JJBaseVC.m */ = {isa = PBXFileReference; fileEncoding = 4; lastKnownFileType = sourcecode.c.objc; path = JJBaseVC.m; sourceTree = "<group>"; };
		F7DC9CAB21FA067C00D3BD6D /* JJBaseLoginFirstViewController.m */ = {isa = PBXFileReference; fileEncoding = 4; lastKnownFileType = sourcecode.c.objc; path = JJBaseLoginFirstViewController.m; sourceTree = "<group>"; };
		F7DC9CAC21FA067C00D3BD6D /* JJBaseLoginSecondViewController.m */ = {isa = PBXFileReference; fileEncoding = 4; lastKnownFileType = sourcecode.c.objc; path = JJBaseLoginSecondViewController.m; sourceTree = "<group>"; };
		F7DC9CAD21FA067C00D3BD6D /* JJBaseLoginFirstViewController.h */ = {isa = PBXFileReference; fileEncoding = 4; lastKnownFileType = sourcecode.c.h; path = JJBaseLoginFirstViewController.h; sourceTree = "<group>"; };
		F7DC9CAE21FA067C00D3BD6D /* JJBaseLoginSecondViewController.h */ = {isa = PBXFileReference; fileEncoding = 4; lastKnownFileType = sourcecode.c.h; path = JJBaseLoginSecondViewController.h; sourceTree = "<group>"; };
		F7DC9CB221FA14F600D3BD6D /* JJBaseHeader.h */ = {isa = PBXFileReference; lastKnownFileType = sourcecode.c.h; name = JJBaseHeader.h; path = ../../../../../brain/JJTools/JJTools/JJTools/Classes/JJBaseHeader.h; sourceTree = "<group>"; };
		F7EED94521F95A1C007C72A4 /* UIScrollView+EmptyDataSet.m */ = {isa = PBXFileReference; fileEncoding = 4; lastKnownFileType = sourcecode.c.objc; path = "UIScrollView+EmptyDataSet.m"; sourceTree = "<group>"; };
		F7EED94621F95A1C007C72A4 /* DZNEmptyDataSet.h */ = {isa = PBXFileReference; fileEncoding = 4; lastKnownFileType = sourcecode.c.h; path = DZNEmptyDataSet.h; sourceTree = "<group>"; };
		F7EED94721F95A1C007C72A4 /* UIScrollView+EmptyDataSet.h */ = {isa = PBXFileReference; fileEncoding = 4; lastKnownFileType = sourcecode.c.h; path = "UIScrollView+EmptyDataSet.h"; sourceTree = "<group>"; };
		F88A122A776DC9F62468BFD0 /* Pods-JJTools.release.xcconfig */ = {isa = PBXFileReference; includeInIndex = 1; lastKnownFileType = text.xcconfig; name = "Pods-JJTools.release.xcconfig"; path = "Pods/Target Support Files/Pods-JJTools/Pods-JJTools.release.xcconfig"; sourceTree = "<group>"; };
/* End PBXFileReference section */

/* Begin PBXFrameworksBuildPhase section */
		F7D7FBE621F83DBA0033C4B0 /* Frameworks */ = {
			isa = PBXFrameworksBuildPhase;
			buildActionMask = 2147483647;
			files = (
				934F0CE595FB53E686ECF1E1 /* libPods-JJTools.a in Frameworks */,
			);
			runOnlyForDeploymentPostprocessing = 0;
		};
		F7D7FBFE21F83DBC0033C4B0 /* Frameworks */ = {
			isa = PBXFrameworksBuildPhase;
			buildActionMask = 2147483647;
			files = (
			);
			runOnlyForDeploymentPostprocessing = 0;
		};
		F7D7FC0921F83DBC0033C4B0 /* Frameworks */ = {
			isa = PBXFrameworksBuildPhase;
			buildActionMask = 2147483647;
			files = (
			);
			runOnlyForDeploymentPostprocessing = 0;
		};
/* End PBXFrameworksBuildPhase section */

/* Begin PBXGroup section */
		83CEF80FE609B57C287F198B /* Pods */ = {
			isa = PBXGroup;
			children = (
				1C20AC76ADF976D68B65DBB4 /* Pods-JJTools.debug.xcconfig */,
				F88A122A776DC9F62468BFD0 /* Pods-JJTools.release.xcconfig */,
			);
			name = Pods;
			sourceTree = "<group>";
		};
		BDF4F7C41309E02459B19664 /* Frameworks */ = {
			isa = PBXGroup;
			children = (
				CE54E6AD2E43DD73EE2A79A6 /* libPods-JJTools.a */,
			);
			name = Frameworks;
			sourceTree = "<group>";
		};
		F745882521FAB07900E415B8 /* JJFiles */ = {
			isa = PBXGroup;
			children = (
				F745882C21FABADD00E415B8 /* template.zip */,
			);
			name = JJFiles;
			path = ../../../../../brain/JJTools/JJTools/JJTools/Classes/JJFiles;
			sourceTree = "<group>";
		};
		F745882821FAB0E300E415B8 /* MRC */ = {
			isa = PBXGroup;
			children = (
				F745882921FAB0E300E415B8 /* NSObjectSafe.m */,
				F745882A21FAB0E300E415B8 /* NSObjectSafe.h */,
			);
			name = MRC;
			path = ../../../../../brain/JJTools/JJTools/JJTools/Classes/MRC;
			sourceTree = "<group>";
		};
		F7D7FBE021F83DBA0033C4B0 = {
			isa = PBXGroup;
			children = (
				F7D7FBEB21F83DBA0033C4B0 /* JJTools */,
				F7D7FC0421F83DBC0033C4B0 /* JJToolsTests */,
				F7D7FC0F21F83DBC0033C4B0 /* JJToolsUITests */,
				F7D7FBEA21F83DBA0033C4B0 /* Products */,
				83CEF80FE609B57C287F198B /* Pods */,
				BDF4F7C41309E02459B19664 /* Frameworks */,
			);
			sourceTree = "<group>";
		};
		F7D7FBEA21F83DBA0033C4B0 /* Products */ = {
			isa = PBXGroup;
			children = (
				F7D7FBE921F83DBA0033C4B0 /* JJTools.app */,
				F7D7FC0121F83DBC0033C4B0 /* JJToolsTests.xctest */,
				F7D7FC0C21F83DBC0033C4B0 /* JJToolsUITests.xctest */,
			);
			name = Products;
			sourceTree = "<group>";
		};
		F7D7FBEB21F83DBA0033C4B0 /* JJTools */ = {
			isa = PBXGroup;
			children = (
				F7D7FC1E21F840290033C4B0 /* Classes */,
				F7D7FBEC21F83DBA0033C4B0 /* AppDelegate.h */,
				F7D7FBED21F83DBA0033C4B0 /* AppDelegate.m */,
				F7D7FBEF21F83DBA0033C4B0 /* ViewController.h */,
				F7D7FBF021F83DBA0033C4B0 /* ViewController.m */,
				F7D7FBF221F83DBA0033C4B0 /* Main.storyboard */,
				F7D7FBF521F83DBC0033C4B0 /* Assets.xcassets */,
				F7D7FBF721F83DBC0033C4B0 /* LaunchScreen.storyboard */,
				F7D7FBFA21F83DBC0033C4B0 /* Info.plist */,
				F7D7FBFB21F83DBC0033C4B0 /* main.m */,
			);
			path = JJTools;
			sourceTree = "<group>";
		};
		F7D7FC0421F83DBC0033C4B0 /* JJToolsTests */ = {
			isa = PBXGroup;
			children = (
				F7D7FC0521F83DBC0033C4B0 /* JJToolsTests.m */,
				F7D7FC0721F83DBC0033C4B0 /* Info.plist */,
			);
			path = JJToolsTests;
			sourceTree = "<group>";
		};
		F7D7FC0F21F83DBC0033C4B0 /* JJToolsUITests */ = {
			isa = PBXGroup;
			children = (
				F7D7FC1021F83DBC0033C4B0 /* JJToolsUITests.m */,
				F7D7FC1221F83DBC0033C4B0 /* Info.plist */,
			);
			path = JJToolsUITests;
			sourceTree = "<group>";
		};
		F7D7FC1E21F840290033C4B0 /* Classes */ = {
			isa = PBXGroup;
			children = (
				F7DC9CB221FA14F600D3BD6D /* JJBaseHeader.h */,
				F745882821FAB0E300E415B8 /* MRC */,
				F745882521FAB07900E415B8 /* JJFiles */,
				F7DC9CB121FA07EE00D3BD6D /* JJBaseViewController */,
				F7D7FD7821F86A540033C4B0 /* Dispatch_Queue */,
				F7D7FD7421F86A2E0033C4B0 /* JJModel */,
				F7D7FD6D21F869CB0033C4B0 /* JJTool */,
				F7D7FD5D21F866A20033C4B0 /* JJNetWork */,
				F7D7FD4A21F865A50033C4B0 /* JJDefine */,
				F7D7FD4221F861920033C4B0 /* JJBaseView */,
				F7D7FD3E21F85C670033C4B0 /* JJSystem */,
				F7D7FD1921F85B550033C4B0 /* JJCategory */,
				F7D7FCB121F847D00033C4B0 /* JJUILayout */,
			);
			path = Classes;
			sourceTree = "<group>";
		};
		F7D7FCB121F847D00033C4B0 /* JJUILayout */ = {
			isa = PBXGroup;
			children = (
				F7D7FCB221F847D00033C4B0 /* UITextField+MasonryLayout.h */,
				F7D7FCB321F847D00033C4B0 /* UIView+MasonryLayout.m */,
				F7D7FCB421F847D00033C4B0 /* UILabel+MasonryLayout.m */,
				F7D7FCB521F847D00033C4B0 /* UIImage+JJTools.h */,
				F7D7FCB621F847D00033C4B0 /* UIButton+MasonryLayout.m */,
				F7D7FCB821F847D00033C4B0 /* UIImageView+MasonryLayout.m */,
				F7D7FCB921F847D00033C4B0 /* UIView+MasonryLayout.h */,
				F7D7FCBA21F847D00033C4B0 /* UITextField+MasonryLayout.m */,
				F7D7FCBB21F847D00033C4B0 /* UIButton+MasonryLayout.h */,
				F7D7FCBC21F847D00033C4B0 /* UIImage+JJTools.m */,
				F7D7FCBD21F847D00033C4B0 /* UILabel+MasonryLayout.h */,
				F7D7FCBE21F847D00033C4B0 /* UIImageView+MasonryLayout.h */,
			);
			name = JJUILayout;
			path = ../../../../../brain/JJTools/JJTools/JJTools/Classes/JJUILayout;
			sourceTree = "<group>";
		};
		F7D7FD1921F85B550033C4B0 /* JJCategory */ = {
			isa = PBXGroup;
			children = (
				F7D7FD1521F858C20033C4B0 /* UIColor+JJTools.h */,
				F7D7FD1121F858C20033C4B0 /* UIColor+JJTools.m */,
				F7D7FD1D21F85B7D0033C4B0 /* NSString+JJTools.h */,
				F7D7FD1A21F85B7D0033C4B0 /* NSString+JJTools.m */,
				F7D7FD1C21F85B7D0033C4B0 /* UIDevice+JJDevice.h */,
				F7D7FD1B21F85B7D0033C4B0 /* UIDevice+JJDevice.m */,
			);
			name = JJCategory;
			path = ../../../../../brain/JJTools/JJTools/JJTools/Classes/JJCategory;
			sourceTree = "<group>";
		};
		F7D7FD3E21F85C670033C4B0 /* JJSystem */ = {
			isa = PBXGroup;
			children = (
				F7D7FD3F21F85C670033C4B0 /* JJSystemCall.m */,
				F7D7FD4021F85C670033C4B0 /* JJSystemCall.h */,
			);
			name = JJSystem;
			path = ../../../../../brain/JJTools/JJTools/JJTools/Classes/JJSystem;
			sourceTree = "<group>";
		};
		F7D7FD4221F861920033C4B0 /* JJBaseView */ = {
			isa = PBXGroup;
			children = (
				F7EED94621F95A1C007C72A4 /* DZNEmptyDataSet.h */,
				F7EED94721F95A1C007C72A4 /* UIScrollView+EmptyDataSet.h */,
				F7EED94521F95A1C007C72A4 /* UIScrollView+EmptyDataSet.m */,
				F7D7FD9121F86C9C0033C4B0 /* JJBaseTableView.h */,
				F7D7FD9221F86C9C0033C4B0 /* JJBaseTableView.m */,
				F7D7FD9021F86C9C0033C4B0 /* JJBaseTableViewCell.h */,
				F7D7FD8F21F86C9C0033C4B0 /* JJBaseTableViewCell.m */,
				F7D7FD6921F8697A0033C4B0 /* JJBaseTableViewHeaderFooterView.h */,
				F7D7FD6521F8697A0033C4B0 /* JJBaseTableViewHeaderFooterView.m */,
				F7D7FD4721F864F10033C4B0 /* JJBaseComponent.h */,
				F7D7FD4821F864F10033C4B0 /* JJBaseComponent.m */,
				F7D7FD4321F861920033C4B0 /* JJBaseCollectionViewCell.h */,
				F7D7FD4421F861920033C4B0 /* JJBaseCollectionViewCell.m */,
			);
			name = JJBaseView;
			path = ../../../../../brain/JJTools/JJTools/JJTools/Classes/JJBaseView;
			sourceTree = "<group>";
		};
		F7D7FD4A21F865A50033C4B0 /* JJDefine */ = {
			isa = PBXGroup;
			children = (
				F7D7FD5021F865A50033C4B0 /* JJConstants.h */,
				F7D7FD4B21F865A50033C4B0 /* JJConstants.m */,
				F7D7FD4C21F865A50033C4B0 /* JJUrlDefine.h */,
				F7D7FD4D21F865A50033C4B0 /* JJColorDefine.h */,
				F7D7FD4E21F865A50033C4B0 /* JJFontDefine.h */,
				F7D7FD4F21F865A50033C4B0 /* JJMacroDefine.h */,
			);
			name = JJDefine;
			path = ../../../../../brain/JJTools/JJTools/JJTools/Classes/JJDefine;
			sourceTree = "<group>";
		};
		F7D7FD5D21F866A20033C4B0 /* JJNetWork */ = {
			isa = PBXGroup;
			children = (
				F7D7FD8C21F86BEF0033C4B0 /* JJBaseRequest.h */,
				F7D7FD8D21F86BEF0033C4B0 /* JJBaseRequest.m */,
				F7D7FD5E21F866A20033C4B0 /* JJReachability.h */,
				F7D7FD6021F866A20033C4B0 /* JJReachability.m */,
			);
			name = JJNetWork;
			path = ../../../../../brain/JJTools/JJTools/JJTools/Classes/JJNetWork;
			sourceTree = "<group>";
		};
		F7D7FD6D21F869CB0033C4B0 /* JJTool */ = {
			isa = PBXGroup;
			children = (
				F7D7FD6F21F869CB0033C4B0 /* JJUserManager.m */,
				F7D7FD7121F869CB0033C4B0 /* JJUserManager.h */,
				F7D7FD6E21F869CB0033C4B0 /* JJTool.m */,
				F7D7FD7021F869CB0033C4B0 /* JJTool.h */,
			);
			name = JJTool;
			path = ../../../../../brain/JJTools/JJTools/JJTools/Classes/JJTool;
			sourceTree = "<group>";
		};
		F7D7FD7421F86A2E0033C4B0 /* JJModel */ = {
			isa = PBXGroup;
			children = (
				F7D7FD7521F86A2E0033C4B0 /* JJBaseModel.m */,
				F7D7FD7621F86A2E0033C4B0 /* JJBaseModel.h */,
			);
			name = JJModel;
			path = ../../../../../brain/JJTools/JJTools/JJTools/Classes/JJModel;
			sourceTree = "<group>";
		};
		F7D7FD7821F86A540033C4B0 /* Dispatch_Queue */ = {
			isa = PBXGroup;
			children = (
				F7D7FD7921F86A540033C4B0 /* JJDispatch_queue.m */,
				F7D7FD7A21F86A540033C4B0 /* JJDispatch_queue.h */,
			);
			name = Dispatch_Queue;
			path = ../../../../../brain/JJTools/JJTools/JJTools/Classes/Dispatch_Queue;
			sourceTree = "<group>";
		};
		F7DC9CB121FA07EE00D3BD6D /* JJBaseViewController */ = {
			isa = PBXGroup;
			children = (
				F7D7FD9B21F871110033C4B0 /* JJBaseVC.h */,
				F7D7FD9C21F871110033C4B0 /* JJBaseVC.m */,
				F7DC9CAD21FA067C00D3BD6D /* JJBaseLoginFirstViewController.h */,
				F7DC9CAB21FA067C00D3BD6D /* JJBaseLoginFirstViewController.m */,
				F7DC9CAE21FA067C00D3BD6D /* JJBaseLoginSecondViewController.h */,
				F7DC9CAC21FA067C00D3BD6D /* JJBaseLoginSecondViewController.m */,
				F7D7FD6421F8697A0033C4B0 /* JJBaseNavigationViewController.h */,
				F7D7FD6721F8697A0033C4B0 /* JJBaseNavigationViewController.m */,
				F7D7FD6621F8697A0033C4B0 /* JJBaseTabBarViewController.h */,
				F7D7FD6821F8697A0033C4B0 /* JJBaseTabBarViewController.m */,
			);
			name = JJBaseViewController;
			path = ../../../../../brain/JJTools/JJTools/JJTools/Classes/JJBaseViewController;
			sourceTree = "<group>";
		};
/* End PBXGroup section */

/* Begin PBXNativeTarget section */
		F7D7FBE821F83DBA0033C4B0 /* JJTools */ = {
			isa = PBXNativeTarget;
			buildConfigurationList = F7D7FC1521F83DBC0033C4B0 /* Build configuration list for PBXNativeTarget "JJTools" */;
			buildPhases = (
				9D24A9225BE4F00FDEE17DB7 /* [CP] Check Pods Manifest.lock */,
				F7D7FBE521F83DBA0033C4B0 /* Sources */,
				F7D7FBE621F83DBA0033C4B0 /* Frameworks */,
				F7D7FBE721F83DBA0033C4B0 /* Resources */,
			);
			buildRules = (
			);
			dependencies = (
			);
			name = JJTools;
			productName = JJTools;
			productReference = F7D7FBE921F83DBA0033C4B0 /* JJTools.app */;
			productType = "com.apple.product-type.application";
		};
		F7D7FC0021F83DBC0033C4B0 /* JJToolsTests */ = {
			isa = PBXNativeTarget;
			buildConfigurationList = F7D7FC1821F83DBC0033C4B0 /* Build configuration list for PBXNativeTarget "JJToolsTests" */;
			buildPhases = (
				F7D7FBFD21F83DBC0033C4B0 /* Sources */,
				F7D7FBFE21F83DBC0033C4B0 /* Frameworks */,
				F7D7FBFF21F83DBC0033C4B0 /* Resources */,
			);
			buildRules = (
			);
			dependencies = (
				F7D7FC0321F83DBC0033C4B0 /* PBXTargetDependency */,
			);
			name = JJToolsTests;
			productName = JJToolsTests;
			productReference = F7D7FC0121F83DBC0033C4B0 /* JJToolsTests.xctest */;
			productType = "com.apple.product-type.bundle.unit-test";
		};
		F7D7FC0B21F83DBC0033C4B0 /* JJToolsUITests */ = {
			isa = PBXNativeTarget;
			buildConfigurationList = F7D7FC1B21F83DBC0033C4B0 /* Build configuration list for PBXNativeTarget "JJToolsUITests" */;
			buildPhases = (
				F7D7FC0821F83DBC0033C4B0 /* Sources */,
				F7D7FC0921F83DBC0033C4B0 /* Frameworks */,
				F7D7FC0A21F83DBC0033C4B0 /* Resources */,
			);
			buildRules = (
			);
			dependencies = (
				F7D7FC0E21F83DBC0033C4B0 /* PBXTargetDependency */,
			);
			name = JJToolsUITests;
			productName = JJToolsUITests;
			productReference = F7D7FC0C21F83DBC0033C4B0 /* JJToolsUITests.xctest */;
			productType = "com.apple.product-type.bundle.ui-testing";
		};
/* End PBXNativeTarget section */

/* Begin PBXProject section */
		F7D7FBE121F83DBA0033C4B0 /* Project object */ = {
			isa = PBXProject;
			attributes = {
				LastUpgradeCheck = 1010;
				ORGANIZATIONNAME = Brain;
				TargetAttributes = {
					F7D7FBE821F83DBA0033C4B0 = {
						CreatedOnToolsVersion = 10.1;
					};
					F7D7FC0021F83DBC0033C4B0 = {
						CreatedOnToolsVersion = 10.1;
						TestTargetID = F7D7FBE821F83DBA0033C4B0;
					};
					F7D7FC0B21F83DBC0033C4B0 = {
						CreatedOnToolsVersion = 10.1;
						TestTargetID = F7D7FBE821F83DBA0033C4B0;
					};
				};
			};
			buildConfigurationList = F7D7FBE421F83DBA0033C4B0 /* Build configuration list for PBXProject "JJTools" */;
			compatibilityVersion = "Xcode 9.3";
			developmentRegion = en;
			hasScannedForEncodings = 0;
			knownRegions = (
				en,
				Base,
			);
			mainGroup = F7D7FBE021F83DBA0033C4B0;
			productRefGroup = F7D7FBEA21F83DBA0033C4B0 /* Products */;
			projectDirPath = "";
			projectRoot = "";
			targets = (
				F7D7FBE821F83DBA0033C4B0 /* JJTools */,
				F7D7FC0021F83DBC0033C4B0 /* JJToolsTests */,
				F7D7FC0B21F83DBC0033C4B0 /* JJToolsUITests */,
			);
		};
/* End PBXProject section */

/* Begin PBXResourcesBuildPhase section */
		F7D7FBE721F83DBA0033C4B0 /* Resources */ = {
			isa = PBXResourcesBuildPhase;
			buildActionMask = 2147483647;
			files = (
				F7D7FBF921F83DBC0033C4B0 /* LaunchScreen.storyboard in Resources */,
				F745882D21FABADD00E415B8 /* template.zip in Resources */,
				F7D7FBF621F83DBC0033C4B0 /* Assets.xcassets in Resources */,
				F7D7FBF421F83DBA0033C4B0 /* Main.storyboard in Resources */,
			);
			runOnlyForDeploymentPostprocessing = 0;
		};
		F7D7FBFF21F83DBC0033C4B0 /* Resources */ = {
			isa = PBXResourcesBuildPhase;
			buildActionMask = 2147483647;
			files = (
			);
			runOnlyForDeploymentPostprocessing = 0;
		};
		F7D7FC0A21F83DBC0033C4B0 /* Resources */ = {
			isa = PBXResourcesBuildPhase;
			buildActionMask = 2147483647;
			files = (
			);
			runOnlyForDeploymentPostprocessing = 0;
		};
/* End PBXResourcesBuildPhase section */

/* Begin PBXShellScriptBuildPhase section */
		9D24A9225BE4F00FDEE17DB7 /* [CP] Check Pods Manifest.lock */ = {
			isa = PBXShellScriptBuildPhase;
			buildActionMask = 2147483647;
			files = (
			);
			inputFileListPaths = (
			);
			inputPaths = (
				"${PODS_PODFILE_DIR_PATH}/Podfile.lock",
				"${PODS_ROOT}/Manifest.lock",
			);
			name = "[CP] Check Pods Manifest.lock";
			outputFileListPaths = (
			);
			outputPaths = (
				"$(DERIVED_FILE_DIR)/Pods-JJTools-checkManifestLockResult.txt",
			);
			runOnlyForDeploymentPostprocessing = 0;
			shellPath = /bin/sh;
			shellScript = "diff \"${PODS_PODFILE_DIR_PATH}/Podfile.lock\" \"${PODS_ROOT}/Manifest.lock\" > /dev/null\nif [ $? != 0 ] ; then\n    # print error to STDERR\n    echo \"error: The sandbox is not in sync with the Podfile.lock. Run 'pod install' or update your CocoaPods installation.\" >&2\n    exit 1\nfi\n# This output is used by Xcode 'outputs' to avoid re-running this script phase.\necho \"SUCCESS\" > \"${SCRIPT_OUTPUT_FILE_0}\"\n";
			showEnvVarsInLog = 0;
		};
/* End PBXShellScriptBuildPhase section */

/* Begin PBXSourcesBuildPhase section */
		F7D7FBE521F83DBA0033C4B0 /* Sources */ = {
			isa = PBXSourcesBuildPhase;
			buildActionMask = 2147483647;
			files = (
				F745882B21FAB0E300E415B8 /* NSObjectSafe.m in Sources */,
				F7DC9CAF21FA067C00D3BD6D /* JJBaseLoginFirstViewController.m in Sources */,
				F7EED94821F95A1C007C72A4 /* UIScrollView+EmptyDataSet.m in Sources */,
				F7D7FCFC21F847D10033C4B0 /* UIImage+JJTools.m in Sources */,
				F7D7FCF821F847D10033C4B0 /* UIButton+MasonryLayout.m in Sources */,
				F7D7FBF121F83DBA0033C4B0 /* ViewController.m in Sources */,
				F7D7FD6C21F8697A0033C4B0 /* JJBaseTabBarViewController.m in Sources */,
				F7D7FD4521F861920033C4B0 /* JJBaseCollectionViewCell.m in Sources */,
				F7D7FCF621F847D10033C4B0 /* UIView+MasonryLayout.m in Sources */,
				F7D7FD1621F858C20033C4B0 /* UIColor+JJTools.m in Sources */,
				F7D7FD9421F86C9C0033C4B0 /* JJBaseTableView.m in Sources */,
				F7D7FD6221F866A20033C4B0 /* JJReachability.m in Sources */,
				F7D7FD9D21F871110033C4B0 /* JJBaseVC.m in Sources */,
				F7D7FD7321F869CB0033C4B0 /* JJUserManager.m in Sources */,
				F7D7FCFA21F847D10033C4B0 /* UIImageView+MasonryLayout.m in Sources */,
				F7D7FBFC21F83DBC0033C4B0 /* main.m in Sources */,
				F7D7FD7B21F86A540033C4B0 /* JJDispatch_queue.m in Sources */,
				F7D7FD6B21F8697A0033C4B0 /* JJBaseNavigationViewController.m in Sources */,
				F7D7FD4921F864F10033C4B0 /* JJBaseComponent.m in Sources */,
				F7D7FD5121F865A50033C4B0 /* JJConstants.m in Sources */,
				F7D7FD9321F86C9C0033C4B0 /* JJBaseTableViewCell.m in Sources */,
				F7D7FD8E21F86BEF0033C4B0 /* JJBaseRequest.m in Sources */,
				F7D7FD1F21F85B7D0033C4B0 /* UIDevice+JJDevice.m in Sources */,
				F7D7FD7721F86A2F0033C4B0 /* JJBaseModel.m in Sources */,
				F7D7FD7221F869CB0033C4B0 /* JJTool.m in Sources */,
				F7DC9CB021FA067C00D3BD6D /* JJBaseLoginSecondViewController.m in Sources */,
				F7D7FCF721F847D10033C4B0 /* UILabel+MasonryLayout.m in Sources */,
				F7D7FD4121F85C670033C4B0 /* JJSystemCall.m in Sources */,
				F7D7FBEE21F83DBA0033C4B0 /* AppDelegate.m in Sources */,
				F7D7FCFB21F847D10033C4B0 /* UITextField+MasonryLayout.m in Sources */,
				F7D7FD6A21F8697A0033C4B0 /* JJBaseTableViewHeaderFooterView.m in Sources */,
				F7D7FD1E21F85B7D0033C4B0 /* NSString+JJTools.m in Sources */,
			);
			runOnlyForDeploymentPostprocessing = 0;
		};
		F7D7FBFD21F83DBC0033C4B0 /* Sources */ = {
			isa = PBXSourcesBuildPhase;
			buildActionMask = 2147483647;
			files = (
				F7D7FC0621F83DBC0033C4B0 /* JJToolsTests.m in Sources */,
			);
			runOnlyForDeploymentPostprocessing = 0;
		};
		F7D7FC0821F83DBC0033C4B0 /* Sources */ = {
			isa = PBXSourcesBuildPhase;
			buildActionMask = 2147483647;
			files = (
				F7D7FC1121F83DBC0033C4B0 /* JJToolsUITests.m in Sources */,
			);
			runOnlyForDeploymentPostprocessing = 0;
		};
/* End PBXSourcesBuildPhase section */

/* Begin PBXTargetDependency section */
		F7D7FC0321F83DBC0033C4B0 /* PBXTargetDependency */ = {
			isa = PBXTargetDependency;
			target = F7D7FBE821F83DBA0033C4B0 /* JJTools */;
			targetProxy = F7D7FC0221F83DBC0033C4B0 /* PBXContainerItemProxy */;
		};
		F7D7FC0E21F83DBC0033C4B0 /* PBXTargetDependency */ = {
			isa = PBXTargetDependency;
			target = F7D7FBE821F83DBA0033C4B0 /* JJTools */;
			targetProxy = F7D7FC0D21F83DBC0033C4B0 /* PBXContainerItemProxy */;
		};
/* End PBXTargetDependency section */

/* Begin PBXVariantGroup section */
		F7D7FBF221F83DBA0033C4B0 /* Main.storyboard */ = {
			isa = PBXVariantGroup;
			children = (
				F7D7FBF321F83DBA0033C4B0 /* Base */,
			);
			name = Main.storyboard;
			sourceTree = "<group>";
		};
		F7D7FBF721F83DBC0033C4B0 /* LaunchScreen.storyboard */ = {
			isa = PBXVariantGroup;
			children = (
				F7D7FBF821F83DBC0033C4B0 /* Base */,
			);
			name = LaunchScreen.storyboard;
			sourceTree = "<group>";
		};
/* End PBXVariantGroup section */

/* Begin XCBuildConfiguration section */
		F7D7FC1321F83DBC0033C4B0 /* Debug */ = {
			isa = XCBuildConfiguration;
			buildSettings = {
				ALWAYS_SEARCH_USER_PATHS = NO;
				CLANG_ANALYZER_NONNULL = YES;
				CLANG_ANALYZER_NUMBER_OBJECT_CONVERSION = YES_AGGRESSIVE;
				CLANG_CXX_LANGUAGE_STANDARD = "gnu++14";
				CLANG_CXX_LIBRARY = "libc++";
				CLANG_ENABLE_MODULES = YES;
				CLANG_ENABLE_OBJC_ARC = YES;
				CLANG_ENABLE_OBJC_WEAK = YES;
				CLANG_WARN_BLOCK_CAPTURE_AUTORELEASING = YES;
				CLANG_WARN_BOOL_CONVERSION = YES;
				CLANG_WARN_COMMA = YES;
				CLANG_WARN_CONSTANT_CONVERSION = YES;
				CLANG_WARN_DEPRECATED_OBJC_IMPLEMENTATIONS = YES;
				CLANG_WARN_DIRECT_OBJC_ISA_USAGE = YES_ERROR;
				CLANG_WARN_DOCUMENTATION_COMMENTS = YES;
				CLANG_WARN_EMPTY_BODY = YES;
				CLANG_WARN_ENUM_CONVERSION = YES;
				CLANG_WARN_INFINITE_RECURSION = YES;
				CLANG_WARN_INT_CONVERSION = YES;
				CLANG_WARN_NON_LITERAL_NULL_CONVERSION = YES;
				CLANG_WARN_OBJC_IMPLICIT_RETAIN_SELF = YES;
				CLANG_WARN_OBJC_LITERAL_CONVERSION = YES;
				CLANG_WARN_OBJC_ROOT_CLASS = YES_ERROR;
				CLANG_WARN_RANGE_LOOP_ANALYSIS = YES;
				CLANG_WARN_STRICT_PROTOTYPES = YES;
				CLANG_WARN_SUSPICIOUS_MOVE = YES;
				CLANG_WARN_UNGUARDED_AVAILABILITY = YES_AGGRESSIVE;
				CLANG_WARN_UNREACHABLE_CODE = YES;
				CLANG_WARN__DUPLICATE_METHOD_MATCH = YES;
				CODE_SIGN_IDENTITY = "iPhone Developer";
				COPY_PHASE_STRIP = NO;
				DEBUG_INFORMATION_FORMAT = dwarf;
				ENABLE_STRICT_OBJC_MSGSEND = YES;
				ENABLE_TESTABILITY = YES;
				GCC_C_LANGUAGE_STANDARD = gnu11;
				GCC_DYNAMIC_NO_PIC = NO;
				GCC_NO_COMMON_BLOCKS = YES;
				GCC_OPTIMIZATION_LEVEL = 0;
				GCC_PREPROCESSOR_DEFINITIONS = (
					"DEBUG=1",
					"$(inherited)",
				);
				GCC_WARN_64_TO_32_BIT_CONVERSION = YES;
				GCC_WARN_ABOUT_RETURN_TYPE = YES_ERROR;
				GCC_WARN_UNDECLARED_SELECTOR = YES;
				GCC_WARN_UNINITIALIZED_AUTOS = YES_AGGRESSIVE;
				GCC_WARN_UNUSED_FUNCTION = YES;
				GCC_WARN_UNUSED_VARIABLE = YES;
				IPHONEOS_DEPLOYMENT_TARGET = 12.1;
				MTL_ENABLE_DEBUG_INFO = INCLUDE_SOURCE;
				MTL_FAST_MATH = YES;
				ONLY_ACTIVE_ARCH = YES;
				SDKROOT = iphoneos;
			};
			name = Debug;
		};
		F7D7FC1421F83DBC0033C4B0 /* Release */ = {
			isa = XCBuildConfiguration;
			buildSettings = {
				ALWAYS_SEARCH_USER_PATHS = NO;
				CLANG_ANALYZER_NONNULL = YES;
				CLANG_ANALYZER_NUMBER_OBJECT_CONVERSION = YES_AGGRESSIVE;
				CLANG_CXX_LANGUAGE_STANDARD = "gnu++14";
				CLANG_CXX_LIBRARY = "libc++";
				CLANG_ENABLE_MODULES = YES;
				CLANG_ENABLE_OBJC_ARC = YES;
				CLANG_ENABLE_OBJC_WEAK = YES;
				CLANG_WARN_BLOCK_CAPTURE_AUTORELEASING = YES;
				CLANG_WARN_BOOL_CONVERSION = YES;
				CLANG_WARN_COMMA = YES;
				CLANG_WARN_CONSTANT_CONVERSION = YES;
				CLANG_WARN_DEPRECATED_OBJC_IMPLEMENTATIONS = YES;
				CLANG_WARN_DIRECT_OBJC_ISA_USAGE = YES_ERROR;
				CLANG_WARN_DOCUMENTATION_COMMENTS = YES;
				CLANG_WARN_EMPTY_BODY = YES;
				CLANG_WARN_ENUM_CONVERSION = YES;
				CLANG_WARN_INFINITE_RECURSION = YES;
				CLANG_WARN_INT_CONVERSION = YES;
				CLANG_WARN_NON_LITERAL_NULL_CONVERSION = YES;
				CLANG_WARN_OBJC_IMPLICIT_RETAIN_SELF = YES;
				CLANG_WARN_OBJC_LITERAL_CONVERSION = YES;
				CLANG_WARN_OBJC_ROOT_CLASS = YES_ERROR;
				CLANG_WARN_RANGE_LOOP_ANALYSIS = YES;
				CLANG_WARN_STRICT_PROTOTYPES = YES;
				CLANG_WARN_SUSPICIOUS_MOVE = YES;
				CLANG_WARN_UNGUARDED_AVAILABILITY = YES_AGGRESSIVE;
				CLANG_WARN_UNREACHABLE_CODE = YES;
				CLANG_WARN__DUPLICATE_METHOD_MATCH = YES;
				CODE_SIGN_IDENTITY = "iPhone Developer";
				COPY_PHASE_STRIP = NO;
				DEBUG_INFORMATION_FORMAT = "dwarf-with-dsym";
				ENABLE_NS_ASSERTIONS = NO;
				ENABLE_STRICT_OBJC_MSGSEND = YES;
				GCC_C_LANGUAGE_STANDARD = gnu11;
				GCC_NO_COMMON_BLOCKS = YES;
				GCC_WARN_64_TO_32_BIT_CONVERSION = YES;
				GCC_WARN_ABOUT_RETURN_TYPE = YES_ERROR;
				GCC_WARN_UNDECLARED_SELECTOR = YES;
				GCC_WARN_UNINITIALIZED_AUTOS = YES_AGGRESSIVE;
				GCC_WARN_UNUSED_FUNCTION = YES;
				GCC_WARN_UNUSED_VARIABLE = YES;
				IPHONEOS_DEPLOYMENT_TARGET = 12.1;
				MTL_ENABLE_DEBUG_INFO = NO;
				MTL_FAST_MATH = YES;
				SDKROOT = iphoneos;
				VALIDATE_PRODUCT = YES;
			};
			name = Release;
		};
		F7D7FC1621F83DBC0033C4B0 /* Debug */ = {
			isa = XCBuildConfiguration;
			baseConfigurationReference = 1C20AC76ADF976D68B65DBB4 /* Pods-JJTools.debug.xcconfig */;
			buildSettings = {
				ASSETCATALOG_COMPILER_APPICON_NAME = AppIcon;
				CLANG_ALLOW_NON_MODULAR_INCLUDES_IN_FRAMEWORK_MODULES = YES;
				CODE_SIGN_STYLE = Automatic;
				DEVELOPMENT_TEAM = AS52JH4CQN;
				INFOPLIST_FILE = JJTools/Info.plist;
				LD_RUNPATH_SEARCH_PATHS = (
					"$(inherited)",
					"@executable_path/Frameworks",
				);
				PRODUCT_BUNDLE_IDENTIFIER = resource.JJTools;
				PRODUCT_NAME = "$(TARGET_NAME)";
				TARGETED_DEVICE_FAMILY = "1,2";
			};
			name = Debug;
		};
		F7D7FC1721F83DBC0033C4B0 /* Release */ = {
			isa = XCBuildConfiguration;
			baseConfigurationReference = F88A122A776DC9F62468BFD0 /* Pods-JJTools.release.xcconfig */;
			buildSettings = {
				ASSETCATALOG_COMPILER_APPICON_NAME = AppIcon;
				CLANG_ALLOW_NON_MODULAR_INCLUDES_IN_FRAMEWORK_MODULES = YES;
				CODE_SIGN_STYLE = Automatic;
				DEVELOPMENT_TEAM = AS52JH4CQN;
				INFOPLIST_FILE = JJTools/Info.plist;
				LD_RUNPATH_SEARCH_PATHS = (
					"$(inherited)",
					"@executable_path/Frameworks",
				);
				PRODUCT_BUNDLE_IDENTIFIER = resource.JJTools;
				PRODUCT_NAME = "$(TARGET_NAME)";
				TARGETED_DEVICE_FAMILY = "1,2";
			};
			name = Release;
		};
		F7D7FC1921F83DBC0033C4B0 /* Debug */ = {
			isa = XCBuildConfiguration;
			buildSettings = {
				BUNDLE_LOADER = "$(TEST_HOST)";
				CODE_SIGN_STYLE = Automatic;
				DEVELOPMENT_TEAM = AS52JH4CQN;
				INFOPLIST_FILE = JJToolsTests/Info.plist;
				LD_RUNPATH_SEARCH_PATHS = (
					"$(inherited)",
					"@executable_path/Frameworks",
					"@loader_path/Frameworks",
				);
				PRODUCT_BUNDLE_IDENTIFIER = resource.JJToolsTests;
				PRODUCT_NAME = "$(TARGET_NAME)";
				TARGETED_DEVICE_FAMILY = "1,2";
				TEST_HOST = "$(BUILT_PRODUCTS_DIR)/JJTools.app/JJTools";
			};
			name = Debug;
		};
		F7D7FC1A21F83DBC0033C4B0 /* Release */ = {
			isa = XCBuildConfiguration;
			buildSettings = {
				BUNDLE_LOADER = "$(TEST_HOST)";
				CODE_SIGN_STYLE = Automatic;
				DEVELOPMENT_TEAM = AS52JH4CQN;
				INFOPLIST_FILE = JJToolsTests/Info.plist;
				LD_RUNPATH_SEARCH_PATHS = (
					"$(inherited)",
					"@executable_path/Frameworks",
					"@loader_path/Frameworks",
				);
				PRODUCT_BUNDLE_IDENTIFIER = resource.JJToolsTests;
				PRODUCT_NAME = "$(TARGET_NAME)";
				TARGETED_DEVICE_FAMILY = "1,2";
				TEST_HOST = "$(BUILT_PRODUCTS_DIR)/JJTools.app/JJTools";
			};
			name = Release;
		};
		F7D7FC1C21F83DBC0033C4B0 /* Debug */ = {
			isa = XCBuildConfiguration;
			buildSettings = {
				CODE_SIGN_STYLE = Automatic;
				DEVELOPMENT_TEAM = AS52JH4CQN;
				INFOPLIST_FILE = JJToolsUITests/Info.plist;
				LD_RUNPATH_SEARCH_PATHS = (
					"$(inherited)",
					"@executable_path/Frameworks",
					"@loader_path/Frameworks",
				);
				PRODUCT_BUNDLE_IDENTIFIER = resource.JJToolsUITests;
				PRODUCT_NAME = "$(TARGET_NAME)";
				TARGETED_DEVICE_FAMILY = "1,2";
				TEST_TARGET_NAME = JJTools;
			};
			name = Debug;
		};
		F7D7FC1D21F83DBC0033C4B0 /* Release */ = {
			isa = XCBuildConfiguration;
			buildSettings = {
				CODE_SIGN_STYLE = Automatic;
				DEVELOPMENT_TEAM = AS52JH4CQN;
				INFOPLIST_FILE = JJToolsUITests/Info.plist;
				LD_RUNPATH_SEARCH_PATHS = (
					"$(inherited)",
					"@executable_path/Frameworks",
					"@loader_path/Frameworks",
				);
				PRODUCT_BUNDLE_IDENTIFIER = resource.JJToolsUITests;
				PRODUCT_NAME = "$(TARGET_NAME)";
				TARGETED_DEVICE_FAMILY = "1,2";
				TEST_TARGET_NAME = JJTools;
			};
			name = Release;
		};
/* End XCBuildConfiguration section */

/* Begin XCConfigurationList section */
		F7D7FBE421F83DBA0033C4B0 /* Build configuration list for PBXProject "JJTools" */ = {
			isa = XCConfigurationList;
			buildConfigurations = (
				F7D7FC1321F83DBC0033C4B0 /* Debug */,
				F7D7FC1421F83DBC0033C4B0 /* Release */,
			);
			defaultConfigurationIsVisible = 0;
			defaultConfigurationName = Release;
		};
		F7D7FC1521F83DBC0033C4B0 /* Build configuration list for PBXNativeTarget "JJTools" */ = {
			isa = XCConfigurationList;
			buildConfigurations = (
				F7D7FC1621F83DBC0033C4B0 /* Debug */,
				F7D7FC1721F83DBC0033C4B0 /* Release */,
			);
			defaultConfigurationIsVisible = 0;
			defaultConfigurationName = Release;
		};
		F7D7FC1821F83DBC0033C4B0 /* Build configuration list for PBXNativeTarget "JJToolsTests" */ = {
			isa = XCConfigurationList;
			buildConfigurations = (
				F7D7FC1921F83DBC0033C4B0 /* Debug */,
				F7D7FC1A21F83DBC0033C4B0 /* Release */,
			);
			defaultConfigurationIsVisible = 0;
			defaultConfigurationName = Release;
		};
		F7D7FC1B21F83DBC0033C4B0 /* Build configuration list for PBXNativeTarget "JJToolsUITests" */ = {
			isa = XCConfigurationList;
			buildConfigurations = (
				F7D7FC1C21F83DBC0033C4B0 /* Debug */,
				F7D7FC1D21F83DBC0033C4B0 /* Release */,
			);
			defaultConfigurationIsVisible = 0;
			defaultConfigurationName = Release;
		};
/* End XCConfigurationList section */
	};
	rootObject = F7D7FBE121F83DBA0033C4B0 /* Project object */;
}
